
Microsoft Visual Studio Solution File, Format Version 12.00
# Visual Studio Version 16
VisualStudioVersion = 16.0.31229.75
MinimumVisualStudioVersion = 10.0.40219.1
Project("{9A19103F-16F7-4668-BE54-9A1E7A4F7556}") = "Business", "Business\Business.csproj", "{7DA7BB9D-DE7D-4F78-8595-C20BD800E0BB}"
EndProject
Project("{9A19103F-16F7-4668-BE54-9A1E7A4F7556}") = "Core", "Core\Core.csproj", "{B6ABC4A9-16A4-4ED4-BA4D-D58ADA0C7BE6}"
EndProject
Project("{9A19103F-16F7-4668-BE54-9A1E7A4F7556}") = "DataAccess", "DataAccess\DataAccess.csproj", "{A0C697DA-DBD9-436D-A06A-30FA09BF3FC7}"
EndProject
Project("{9A19103F-16F7-4668-BE54-9A1E7A4F7556}") = "Entities", "Entities\Entities.csproj", "{E36C6A1A-1C30-439D-AB3E-885C02B5796F}"
EndProject
Project("{9A19103F-16F7-4668-BE54-9A1E7A4F7556}") = "Tests", "Tests\Tests.csproj", "{D069FF92-4E18-4299-8646-28A306887A40}"
EndProject
Project("{9A19103F-16F7-4668-BE54-9A1E7A4F7556}") = "WebAPI", "WebAPI\WebAPI.csproj", "{9BBF6B3D-357B-4459-8FF7-9CCA4DB9AFF7}"
EndProject
Global
	GlobalSection(SolutionConfigurationPlatforms) = preSolution
		Debug|Any CPU = Debug|Any CPU
		Release|Any CPU = Release|Any CPU
	EndGlobalSection
	GlobalSection(ProjectConfigurationPlatforms) = postSolution
		{7DA7BB9D-DE7D-4F78-8595-C20BD800E0BB}.Debug|Any CPU.ActiveCfg = Debug|Any CPU
		{7DA7BB9D-DE7D-4F78-8595-C20BD800E0BB}.Debug|Any CPU.Build.0 = Debug|Any CPU
		{7DA7BB9D-DE7D-4F78-8595-C20BD800E0BB}.Release|Any CPU.ActiveCfg = Release|Any CPU
		{7DA7BB9D-DE7D-4F78-8595-C20BD800E0BB}.Release|Any CPU.Build.0 = Release|Any CPU
		{B6ABC4A9-16A4-4ED4-BA4D-D58ADA0C7BE6}.Debug|Any CPU.ActiveCfg = Debug|Any CPU
		{B6ABC4A9-16A4-4ED4-BA4D-D58ADA0C7BE6}.Debug|Any CPU.Build.0 = Debug|Any CPU
		{B6ABC4A9-16A4-4ED4-BA4D-D58ADA0C7BE6}.Release|Any CPU.ActiveCfg = Release|Any CPU
		{B6ABC4A9-16A4-4ED4-BA4D-D58ADA0C7BE6}.Release|Any CPU.Build.0 = Release|Any CPU
		{A0C697DA-DBD9-436D-A06A-30FA09BF3FC7}.Debug|Any CPU.ActiveCfg = Debug|Any CPU
		{A0C697DA-DBD9-436D-A06A-30FA09BF3FC7}.Debug|Any CPU.Build.0 = Debug|Any CPU
		{A0C697DA-DBD9-436D-A06A-30FA09BF3FC7}.Release|Any CPU.ActiveCfg = Release|Any CPU
		{A0C697DA-DBD9-436D-A06A-30FA09BF3FC7}.Release|Any CPU.Build.0 = Release|Any CPU
		{E36C6A1A-1C30-439D-AB3E-885C02B5796F}.Debug|Any CPU.ActiveCfg = Debug|Any CPU
		{E36C6A1A-1C30-439D-AB3E-885C02B5796F}.Debug|Any CPU.Build.0 = Debug|Any CPU
		{E36C6A1A-1C30-439D-AB3E-885C02B5796F}.Release|Any CPU.ActiveCfg = Release|Any CPU
		{E36C6A1A-1C30-439D-AB3E-885C02B5796F}.Release|Any CPU.Build.0 = Release|Any CPU
		{D069FF92-4E18-4299-8646-28A306887A40}.Debug|Any CPU.ActiveCfg = Debug|Any CPU
		{D069FF92-4E18-4299-8646-28A306887A40}.Debug|Any CPU.Build.0 = Debug|Any CPU
		{D069FF92-4E18-4299-8646-28A306887A40}.Release|Any CPU.ActiveCfg = Release|Any CPU
		{D069FF92-4E18-4299-8646-28A306887A40}.Release|Any CPU.Build.0 = Release|Any CPU
		{9BBF6B3D-357B-4459-8FF7-9CCA4DB9AFF7}.Debug|Any CPU.ActiveCfg = Debug|Any CPU
		{9BBF6B3D-357B-4459-8FF7-9CCA4DB9AFF7}.Debug|Any CPU.Build.0 = Debug|Any CPU
		{9BBF6B3D-357B-4459-8FF7-9CCA4DB9AFF7}.Release|Any CPU.ActiveCfg = Release|Any CPU
		{9BBF6B3D-357B-4459-8FF7-9CCA4DB9AFF7}.Release|Any CPU.Build.0 = Release|Any CPU
	EndGlobalSection
	GlobalSection(SolutionProperties) = preSolution
		HideSolutionNode = FALSE
	EndGlobalSection
	GlobalSection(ExtensibilityGlobals) = postSolution
		SolutionGuid = {2F2690D6-F82C-446C-8B09-C94C90807FFB}
	EndGlobalSection
EndGlobal
