
Microsoft Visual Studio Solution File, Format Version 12.00
# Visual Studio Version 17
VisualStudioVersion = 17.1.32210.238
MinimumVisualStudioVersion = 10.0.40219.1
Project("{FAE04EC0-301F-11D3-BF4B-00C04F79EFBC}") = "WebAPI", "WebAPI\WebAPI.csproj", "{301DAA62-D82F-42F3-9F21-F4DC4CB49DF5}"
EndProject
Project("{FAE04EC0-301F-11D3-BF4B-00C04F79EFBC}") = "Core", "Core\Core.csproj", "{8C7FB1C5-06D2-4805-867F-DBFB07B38F4C}"
EndProject
Project("{FAE04EC0-301F-11D3-BF4B-00C04F79EFBC}") = "DataAccess", "DataAccess\DataAccess.csproj", "{17EF84B0-E74A-4DF9-9B71-E6E814AF8CAB}"
EndProject
Project("{FAE04EC0-301F-11D3-BF4B-00C04F79EFBC}") = "Entities", "Entities\Entities.csproj", "{5780A204-D21D-4475-8FA1-76672F2D89AF}"
EndProject
Project("{FAE04EC0-301F-11D3-BF4B-00C04F79EFBC}") = "Business", "Business\Business.csproj", "{D6800FD5-3E51-4F5F-9DC2-54B97E180EA2}"
EndProject
Project("{FAE04EC0-301F-11D3-BF4B-00C04F79EFBC}") = "Tests", "Tests\Tests.csproj", "{71753007-0390-4318-B20F-BA5E6974A757}"
EndProject
Global
	GlobalSection(SolutionConfigurationPlatforms) = preSolution
		Debug|Any CPU = Debug|Any CPU
		Release|Any CPU = Release|Any CPU
	EndGlobalSection
	GlobalSection(ProjectConfigurationPlatforms) = postSolution
		{301DAA62-D82F-42F3-9F21-F4DC4CB49DF5}.Debug|Any CPU.ActiveCfg = Debug|Any CPU
		{301DAA62-D82F-42F3-9F21-F4DC4CB49DF5}.Debug|Any CPU.Build.0 = Debug|Any CPU
		{301DAA62-D82F-42F3-9F21-F4DC4CB49DF5}.Release|Any CPU.ActiveCfg = Release|Any CPU
		{301DAA62-D82F-42F3-9F21-F4DC4CB49DF5}.Release|Any CPU.Build.0 = Release|Any CPU
		{8C7FB1C5-06D2-4805-867F-DBFB07B38F4C}.Debug|Any CPU.ActiveCfg = Debug|Any CPU
		{8C7FB1C5-06D2-4805-867F-DBFB07B38F4C}.Debug|Any CPU.Build.0 = Debug|Any CPU
		{8C7FB1C5-06D2-4805-867F-DBFB07B38F4C}.Release|Any CPU.ActiveCfg = Release|Any CPU
		{8C7FB1C5-06D2-4805-867F-DBFB07B38F4C}.Release|Any CPU.Build.0 = Release|Any CPU
		{17EF84B0-E74A-4DF9-9B71-E6E814AF8CAB}.Debug|Any CPU.ActiveCfg = Debug|Any CPU
		{17EF84B0-E74A-4DF9-9B71-E6E814AF8CAB}.Debug|Any CPU.Build.0 = Debug|Any CPU
		{17EF84B0-E74A-4DF9-9B71-E6E814AF8CAB}.Release|Any CPU.ActiveCfg = Release|Any CPU
		{17EF84B0-E74A-4DF9-9B71-E6E814AF8CAB}.Release|Any CPU.Build.0 = Release|Any CPU
		{5780A204-D21D-4475-8FA1-76672F2D89AF}.Debug|Any CPU.ActiveCfg = Debug|Any CPU
		{5780A204-D21D-4475-8FA1-76672F2D89AF}.Debug|Any CPU.Build.0 = Debug|Any CPU
		{5780A204-D21D-4475-8FA1-76672F2D89AF}.Release|Any CPU.ActiveCfg = Release|Any CPU
		{5780A204-D21D-4475-8FA1-76672F2D89AF}.Release|Any CPU.Build.0 = Release|Any CPU
		{D6800FD5-3E51-4F5F-9DC2-54B97E180EA2}.Debug|Any CPU.ActiveCfg = Debug|Any CPU
		{D6800FD5-3E51-4F5F-9DC2-54B97E180EA2}.Debug|Any CPU.Build.0 = Debug|Any CPU
		{D6800FD5-3E51-4F5F-9DC2-54B97E180EA2}.Release|Any CPU.ActiveCfg = Release|Any CPU
		{D6800FD5-3E51-4F5F-9DC2-54B97E180EA2}.Release|Any CPU.Build.0 = Release|Any CPU
		{71753007-0390-4318-B20F-BA5E6974A757}.Debug|Any CPU.ActiveCfg = Debug|Any CPU
		{71753007-0390-4318-B20F-BA5E6974A757}.Debug|Any CPU.Build.0 = Debug|Any CPU
		{71753007-0390-4318-B20F-BA5E6974A757}.Release|Any CPU.ActiveCfg = Release|Any CPU
		{71753007-0390-4318-B20F-BA5E6974A757}.Release|Any CPU.Build.0 = Release|Any CPU
	EndGlobalSection
	GlobalSection(SolutionProperties) = preSolution
		HideSolutionNode = FALSE
	EndGlobalSection
	GlobalSection(ExtensibilityGlobals) = postSolution
		SolutionGuid = {4BE43A88-F242-4CCE-A4F5-DB9F710D522C}
	EndGlobalSection
EndGlobal
